
Microsoft Visual Studio Solution File, Format Version 12.00
# Visual Studio Version 17
VisualStudioVersion = 17.6.33829.357
MinimumVisualStudioVersion = 10.0.40219.1
Project("{FAE04EC0-301F-11D3-BF4B-00C04F79EFBC}") = "IT232_Kars_Unit9", "IT232_Kars_Unit9.csproj", "{DFFF5431-E660-4623-B72A-FF5F1387782C}"
EndProject
Global
	GlobalSection(SolutionConfigurationPlatforms) = preSolution
		Debug|Any CPU = Debug|Any CPU
		Release|Any CPU = Release|Any CPU
	EndGlobalSection
	GlobalSection(ProjectConfigurationPlatforms) = postSolution
		{DFFF5431-E660-4623-B72A-FF5F1387782C}.Debug|Any CPU.ActiveCfg = Debug|Any CPU
		{DFFF5431-E660-4623-B72A-FF5F1387782C}.Debug|Any CPU.Build.0 = Debug|Any CPU
		{DFFF5431-E660-4623-B72A-FF5F1387782C}.Release|Any CPU.ActiveCfg = Release|Any CPU
		{DFFF5431-E660-4623-B72A-FF5F1387782C}.Release|Any CPU.Build.0 = Release|Any CPU
	EndGlobalSection
	GlobalSection(SolutionProperties) = preSolution
		HideSolutionNode = FALSE
	EndGlobalSection
	GlobalSection(ExtensibilityGlobals) = postSolution
		SolutionGuid = {1D684750-7DF6-46BC-B52E-A30081BC13A5}
	EndGlobalSection
EndGlobal
